
Microsoft Visual Studio Solution File, Format Version 12.00
# Visual Studio Version 17
VisualStudioVersion = 17.9.34616.47
MinimumVisualStudioVersion = 10.0.40219.1
Project("{FAE04EC0-301F-11D3-BF4B-00C04F79EFBC}") = "BethanysPieShop.InventoryManagement", "BethanysPieShop.InventoryManagement\BethanysPieShop.InventoryManagement.csproj", "{A21E5213-565F-4D33-A647-4A114C7B2994}"
EndProject
Global
	GlobalSection(SolutionConfigurationPlatforms) = preSolution
		Debug|Any CPU = Debug|Any CPU
		Release|Any CPU = Release|Any CPU
	EndGlobalSection
	GlobalSection(ProjectConfigurationPlatforms) = postSolution
		{A21E5213-565F-4D33-A647-4A114C7B2994}.Debug|Any CPU.ActiveCfg = Debug|Any CPU
		{A21E5213-565F-4D33-A647-4A114C7B2994}.Debug|Any CPU.Build.0 = Debug|Any CPU
		{A21E5213-565F-4D33-A647-4A114C7B2994}.Release|Any CPU.ActiveCfg = Release|Any CPU
		{A21E5213-565F-4D33-A647-4A114C7B2994}.Release|Any CPU.Build.0 = Release|Any CPU
	EndGlobalSection
	GlobalSection(SolutionProperties) = preSolution
		HideSolutionNode = FALSE
	EndGlobalSection
	GlobalSection(ExtensibilityGlobals) = postSolution
		SolutionGuid = {EF2279CA-81CC-49E0-9275-E7F88034EC10}
	EndGlobalSection
EndGlobal
